# This file is automatically @generated by Cargo.
# It is not intended for manual editing.
[[package]]
name = "indosanca"
version = "0.1.0"
dependencies = [
 "wat",
]

[[package]]
name = "leb128"
version = "0.2.4"
source = "registry+https://github.com/rust-lang/crates.io-index"
checksum = "3576a87f2ba00f6f106fdfcd16db1d698d648a26ad8e0573cad8537c3c362d2a"

[[package]]
name = "wast"
version = "30.0.0"
source = "registry+https://github.com/rust-lang/crates.io-index"
checksum = "9b79907b22f740634810e882d8d1d9d0f9563095a8ab94e786e370242bff5cd2"
dependencies = [
 "leb128",
]

[[package]]
name = "wat"
version = "1.0.31"
source = "registry+https://github.com/rust-lang/crates.io-index"
checksum = "a8279a02835bf12e61ed2b3c3cbc6ecf9918762fd97e036917c11a09ec20ca44"
dependencies = [
 "wast",
]
